
Microsoft Visual Studio Solution File, Format Version 12.00
# Visual Studio Version 17
Project("{8BC9CEB8-8B4A-11D0-8D11-00A0C91BC942}") = "ALL_BUILD", "ALL_BUILD.vcxproj", "{8C14C47B-6980-3ACB-A959-2ADB912B9558}"
	ProjectSection(ProjectDependencies) = postProject
		{FB6DB0BB-C792-3C92-B283-702125A90644} = {FB6DB0BB-C792-3C92-B283-702125A90644}
		{68FCA758-2B2A-355C-8E5C-4AE1088B4ECA} = {68FCA758-2B2A-355C-8E5C-4AE1088B4ECA}
		{F7EEF1A9-B62C-3BA4-8871-E8BA714F9D5B} = {F7EEF1A9-B62C-3BA4-8871-E8BA714F9D5B}
		{F081ED6F-1D57-3982-BB09-C3805158442E} = {F081ED6F-1D57-3982-BB09-C3805158442E}
		{ED4833E9-334D-37F1-B27C-9126D30DDA6E} = {ED4833E9-334D-37F1-B27C-9126D30DDA6E}
		{04051D60-2A6A-3416-BF94-473B266FA743} = {04051D60-2A6A-3416-BF94-473B266FA743}
	EndProjectSection
EndProject
Project("{8BC9CEB8-8B4A-11D0-8D11-00A0C91BC942}") = "INSTALL", "INSTALL.vcxproj", "{EE4DE3BF-B560-3799-AAB8-DBBAEF90A884}"
	ProjectSection(ProjectDependencies) = postProject
		{8C14C47B-6980-3ACB-A959-2ADB912B9558} = {8C14C47B-6980-3ACB-A959-2ADB912B9558}
		{FB6DB0BB-C792-3C92-B283-702125A90644} = {FB6DB0BB-C792-3C92-B283-702125A90644}
	EndProjectSection
EndProject
Project("{8BC9CEB8-8B4A-11D0-8D11-00A0C91BC942}") = "RUN_TESTS", "RUN_TESTS.vcxproj", "{CE227162-50F3-3635-A5A7-15C1E9D934F9}"
	ProjectSection(ProjectDependencies) = postProject
		{FB6DB0BB-C792-3C92-B283-702125A90644} = {FB6DB0BB-C792-3C92-B283-702125A90644}
	EndProjectSection
EndProject
Project("{8BC9CEB8-8B4A-11D0-8D11-00A0C91BC942}") = "ZERO_CHECK", "ZERO_CHECK.vcxproj", "{FB6DB0BB-C792-3C92-B283-702125A90644}"
	ProjectSection(ProjectDependencies) = postProject
	EndProjectSection
EndProject
Project("{8BC9CEB8-8B4A-11D0-8D11-00A0C91BC942}") = "gtest", "src\tests\googletest-build\googletest\gtest.vcxproj", "{001FE135-6373-3C3B-822B-9A66CA4F9F05}"
	ProjectSection(ProjectDependencies) = postProject
		{FB6DB0BB-C792-3C92-B283-702125A90644} = {FB6DB0BB-C792-3C92-B283-702125A90644}
	EndProjectSection
EndProject
Project("{8BC9CEB8-8B4A-11D0-8D11-00A0C91BC942}") = "gtest_main", "src\tests\googletest-build\googletest\gtest_main.vcxproj", "{777EE22A-8938-3A8F-887B-3EA867DD7F29}"
	ProjectSection(ProjectDependencies) = postProject
		{FB6DB0BB-C792-3C92-B283-702125A90644} = {FB6DB0BB-C792-3C92-B283-702125A90644}
		{001FE135-6373-3C3B-822B-9A66CA4F9F05} = {001FE135-6373-3C3B-822B-9A66CA4F9F05}
	EndProjectSection
EndProject
Project("{8BC9CEB8-8B4A-11D0-8D11-00A0C91BC942}") = "pharmacy", "src\pharmacy\pharmacy.vcxproj", "{68FCA758-2B2A-355C-8E5C-4AE1088B4ECA}"
	ProjectSection(ProjectDependencies) = postProject
		{FB6DB0BB-C792-3C92-B283-702125A90644} = {FB6DB0BB-C792-3C92-B283-702125A90644}
		{ED4833E9-334D-37F1-B27C-9126D30DDA6E} = {ED4833E9-334D-37F1-B27C-9126D30DDA6E}
	EndProjectSection
EndProject
Project("{8BC9CEB8-8B4A-11D0-8D11-00A0C91BC942}") = "pharmacy_tests", "src\tests\pharmacy\pharmacy_tests.vcxproj", "{F7EEF1A9-B62C-3BA4-8871-E8BA714F9D5B}"
	ProjectSection(ProjectDependencies) = postProject
		{FB6DB0BB-C792-3C92-B283-702125A90644} = {FB6DB0BB-C792-3C92-B283-702125A90644}
		{001FE135-6373-3C3B-822B-9A66CA4F9F05} = {001FE135-6373-3C3B-822B-9A66CA4F9F05}
		{777EE22A-8938-3A8F-887B-3EA867DD7F29} = {777EE22A-8938-3A8F-887B-3EA867DD7F29}
		{68FCA758-2B2A-355C-8E5C-4AE1088B4ECA} = {68FCA758-2B2A-355C-8E5C-4AE1088B4ECA}
		{ED4833E9-334D-37F1-B27C-9126D30DDA6E} = {ED4833E9-334D-37F1-B27C-9126D30DDA6E}
	EndProjectSection
EndProject
Project("{8BC9CEB8-8B4A-11D0-8D11-00A0C91BC942}") = "pharmacyapp", "src\pharmacyapp\pharmacyapp.vcxproj", "{F081ED6F-1D57-3982-BB09-C3805158442E}"
	ProjectSection(ProjectDependencies) = postProject
		{FB6DB0BB-C792-3C92-B283-702125A90644} = {FB6DB0BB-C792-3C92-B283-702125A90644}
		{68FCA758-2B2A-355C-8E5C-4AE1088B4ECA} = {68FCA758-2B2A-355C-8E5C-4AE1088B4ECA}
		{ED4833E9-334D-37F1-B27C-9126D30DDA6E} = {ED4833E9-334D-37F1-B27C-9126D30DDA6E}
	EndProjectSection
EndProject
Project("{8BC9CEB8-8B4A-11D0-8D11-00A0C91BC942}") = "utility", "src\utility\utility.vcxproj", "{ED4833E9-334D-37F1-B27C-9126D30DDA6E}"
	ProjectSection(ProjectDependencies) = postProject
		{FB6DB0BB-C792-3C92-B283-702125A90644} = {FB6DB0BB-C792-3C92-B283-702125A90644}
	EndProjectSection
EndProject
Project("{8BC9CEB8-8B4A-11D0-8D11-00A0C91BC942}") = "utility_tests", "src\tests\utility\utility_tests.vcxproj", "{04051D60-2A6A-3416-BF94-473B266FA743}"
	ProjectSection(ProjectDependencies) = postProject
		{FB6DB0BB-C792-3C92-B283-702125A90644} = {FB6DB0BB-C792-3C92-B283-702125A90644}
		{001FE135-6373-3C3B-822B-9A66CA4F9F05} = {001FE135-6373-3C3B-822B-9A66CA4F9F05}
		{777EE22A-8938-3A8F-887B-3EA867DD7F29} = {777EE22A-8938-3A8F-887B-3EA867DD7F29}
		{ED4833E9-334D-37F1-B27C-9126D30DDA6E} = {ED4833E9-334D-37F1-B27C-9126D30DDA6E}
	EndProjectSection
EndProject
Global
	GlobalSection(SolutionConfigurationPlatforms) = preSolution
		Debug|x64 = Debug|x64
		Release|x64 = Release|x64
	EndGlobalSection
	GlobalSection(ProjectConfigurationPlatforms) = postSolution
		{8C14C47B-6980-3ACB-A959-2ADB912B9558}.Debug|x64.ActiveCfg = Debug|x64
		{8C14C47B-6980-3ACB-A959-2ADB912B9558}.Debug|x64.Build.0 = Debug|x64
		{8C14C47B-6980-3ACB-A959-2ADB912B9558}.Release|x64.ActiveCfg = Release|x64
		{8C14C47B-6980-3ACB-A959-2ADB912B9558}.Release|x64.Build.0 = Release|x64
		{EE4DE3BF-B560-3799-AAB8-DBBAEF90A884}.Debug|x64.ActiveCfg = Debug|x64
		{EE4DE3BF-B560-3799-AAB8-DBBAEF90A884}.Release|x64.ActiveCfg = Release|x64
		{CE227162-50F3-3635-A5A7-15C1E9D934F9}.Debug|x64.ActiveCfg = Debug|x64
		{CE227162-50F3-3635-A5A7-15C1E9D934F9}.Release|x64.ActiveCfg = Release|x64
		{FB6DB0BB-C792-3C92-B283-702125A90644}.Debug|x64.ActiveCfg = Debug|x64
		{FB6DB0BB-C792-3C92-B283-702125A90644}.Debug|x64.Build.0 = Debug|x64
		{FB6DB0BB-C792-3C92-B283-702125A90644}.Release|x64.ActiveCfg = Release|x64
		{FB6DB0BB-C792-3C92-B283-702125A90644}.Release|x64.Build.0 = Release|x64
		{001FE135-6373-3C3B-822B-9A66CA4F9F05}.Debug|x64.ActiveCfg = Debug|x64
		{001FE135-6373-3C3B-822B-9A66CA4F9F05}.Debug|x64.Build.0 = Debug|x64
		{001FE135-6373-3C3B-822B-9A66CA4F9F05}.Release|x64.ActiveCfg = Release|x64
		{001FE135-6373-3C3B-822B-9A66CA4F9F05}.Release|x64.Build.0 = Release|x64
		{777EE22A-8938-3A8F-887B-3EA867DD7F29}.Debug|x64.ActiveCfg = Debug|x64
		{777EE22A-8938-3A8F-887B-3EA867DD7F29}.Debug|x64.Build.0 = Debug|x64
		{777EE22A-8938-3A8F-887B-3EA867DD7F29}.Release|x64.ActiveCfg = Release|x64
		{777EE22A-8938-3A8F-887B-3EA867DD7F29}.Release|x64.Build.0 = Release|x64
		{68FCA758-2B2A-355C-8E5C-4AE1088B4ECA}.Debug|x64.ActiveCfg = Debug|x64
		{68FCA758-2B2A-355C-8E5C-4AE1088B4ECA}.Debug|x64.Build.0 = Debug|x64
		{68FCA758-2B2A-355C-8E5C-4AE1088B4ECA}.Release|x64.ActiveCfg = Release|x64
		{68FCA758-2B2A-355C-8E5C-4AE1088B4ECA}.Release|x64.Build.0 = Release|x64
		{F7EEF1A9-B62C-3BA4-8871-E8BA714F9D5B}.Debug|x64.ActiveCfg = Debug|x64
		{F7EEF1A9-B62C-3BA4-8871-E8BA714F9D5B}.Debug|x64.Build.0 = Debug|x64
		{F7EEF1A9-B62C-3BA4-8871-E8BA714F9D5B}.Release|x64.ActiveCfg = Release|x64
		{F7EEF1A9-B62C-3BA4-8871-E8BA714F9D5B}.Release|x64.Build.0 = Release|x64
		{F081ED6F-1D57-3982-BB09-C3805158442E}.Debug|x64.ActiveCfg = Debug|x64
		{F081ED6F-1D57-3982-BB09-C3805158442E}.Debug|x64.Build.0 = Debug|x64
		{F081ED6F-1D57-3982-BB09-C3805158442E}.Release|x64.ActiveCfg = Release|x64
		{F081ED6F-1D57-3982-BB09-C3805158442E}.Release|x64.Build.0 = Release|x64
		{ED4833E9-334D-37F1-B27C-9126D30DDA6E}.Debug|x64.ActiveCfg = Debug|x64
		{ED4833E9-334D-37F1-B27C-9126D30DDA6E}.Debug|x64.Build.0 = Debug|x64
		{ED4833E9-334D-37F1-B27C-9126D30DDA6E}.Release|x64.ActiveCfg = Release|x64
		{ED4833E9-334D-37F1-B27C-9126D30DDA6E}.Release|x64.Build.0 = Release|x64
		{04051D60-2A6A-3416-BF94-473B266FA743}.Debug|x64.ActiveCfg = Debug|x64
		{04051D60-2A6A-3416-BF94-473B266FA743}.Debug|x64.Build.0 = Debug|x64
		{04051D60-2A6A-3416-BF94-473B266FA743}.Release|x64.ActiveCfg = Release|x64
		{04051D60-2A6A-3416-BF94-473B266FA743}.Release|x64.Build.0 = Release|x64
	EndGlobalSection
	GlobalSection(ExtensibilityGlobals) = postSolution
		SolutionGuid = {0D9DF59E-C505-38E6-9C5A-2F10EC04872D}
	EndGlobalSection
	GlobalSection(ExtensibilityAddIns) = postSolution
	EndGlobalSection
EndGlobal
